
Microsoft Visual Studio Solution File, Format Version 12.00
Project("{FAE04EC0-301F-11D3-BF4B-00C04F79EFBC}") = "OpenEQiSports.Tests", "OpenEQiSports.Tests\OpenEQiSports.Tests.csproj", "{59CE9BAE-5717-49C5-BB2A-A426C0000727}"
EndProject
Project("{FAE04EC0-301F-11D3-BF4B-00C04F79EFBC}") = "OpenEqiSports.Core", "OpenEqiSports.Core\OpenEqiSports.Core.csproj", "{7D491457-080D-4C9C-8105-85CAD4324290}"
EndProject
Project("{FAE04EC0-301F-11D3-BF4B-00C04F79EFBC}") = "OpenEqiSports.Core.Tests", "OpenEqiSports.Core.Tests\OpenEqiSports.Core.Tests.csproj", "{0DB4E641-9D9D-4CC5-A491-20E70E8169A2}"
EndProject
Project("{FAE04EC0-301F-11D3-BF4B-00C04F79EFBC}") = "OpenEqiSports", "OpenEqiSports\OpenEqiSports.csproj", "{BD398E08-2563-4275-85B2-DCA215905F78}"
EndProject
Global
	GlobalSection(SolutionConfigurationPlatforms) = preSolution
		Debug|Any CPU = Debug|Any CPU
		Release|Any CPU = Release|Any CPU
	EndGlobalSection
	GlobalSection(ProjectConfigurationPlatforms) = postSolution
		{59CE9BAE-5717-49C5-BB2A-A426C0000727}.Debug|Any CPU.ActiveCfg = Debug|Any CPU
		{59CE9BAE-5717-49C5-BB2A-A426C0000727}.Debug|Any CPU.Build.0 = Debug|Any CPU
		{59CE9BAE-5717-49C5-BB2A-A426C0000727}.Release|Any CPU.ActiveCfg = Release|Any CPU
		{59CE9BAE-5717-49C5-BB2A-A426C0000727}.Release|Any CPU.Build.0 = Release|Any CPU
		{7D491457-080D-4C9C-8105-85CAD4324290}.Debug|Any CPU.ActiveCfg = Debug|Any CPU
		{7D491457-080D-4C9C-8105-85CAD4324290}.Debug|Any CPU.Build.0 = Debug|Any CPU
		{7D491457-080D-4C9C-8105-85CAD4324290}.Release|Any CPU.ActiveCfg = Release|Any CPU
		{7D491457-080D-4C9C-8105-85CAD4324290}.Release|Any CPU.Build.0 = Release|Any CPU
		{0DB4E641-9D9D-4CC5-A491-20E70E8169A2}.Debug|Any CPU.ActiveCfg = Debug|Any CPU
		{0DB4E641-9D9D-4CC5-A491-20E70E8169A2}.Debug|Any CPU.Build.0 = Debug|Any CPU
		{0DB4E641-9D9D-4CC5-A491-20E70E8169A2}.Release|Any CPU.ActiveCfg = Release|Any CPU
		{0DB4E641-9D9D-4CC5-A491-20E70E8169A2}.Release|Any CPU.Build.0 = Release|Any CPU
		{BD398E08-2563-4275-85B2-DCA215905F78}.Debug|Any CPU.ActiveCfg = Debug|Any CPU
		{BD398E08-2563-4275-85B2-DCA215905F78}.Debug|Any CPU.Build.0 = Debug|Any CPU
		{BD398E08-2563-4275-85B2-DCA215905F78}.Release|Any CPU.ActiveCfg = Release|Any CPU
		{BD398E08-2563-4275-85B2-DCA215905F78}.Release|Any CPU.Build.0 = Release|Any CPU
	EndGlobalSection
EndGlobal
